{
  "name": "kobootstrappager",
  "version": "1.0.0",
  "lockfileVersion": 1,
  "requires": true,
  "dependencies": {
    "@types/bootstrap": {
      "version": "3.4.0",
      "resolved": "https://registry.npmjs.org/@types/bootstrap/-/bootstrap-3.4.0.tgz",
      "integrity": "sha512-LS05hVAAsX86qbHg7W+ydwBlNHrVCoFw6wEP3/uW4eYmRXl08bWmPeN/+onM+8qZTFfDgUlG/OItJI8SW972oQ==",
      "dev": true,
      "requires": {
        "@types/jquery": "*"
      }
    },
    "@types/jquery": {
      "version": "3.5.6",
      "resolved": "https://registry.npmjs.org/@types/jquery/-/jquery-3.5.6.tgz",
      "integrity": "sha512-SmgCQRzGPId4MZQKDj9Hqc6kSXFNWZFHpELkyK8AQhf8Zr6HKfCzFv9ZC1Fv3FyQttJZOlap3qYb12h61iZAIg==",
      "dev": true,
      "requires": {
        "@types/sizzle": "*"
      }
    },
    "@types/knockout": {
      "version": "3.4.71",
      "resolved": "https://registry.npmjs.org/@types/knockout/-/knockout-3.4.71.tgz",
      "integrity": "sha512-Yf6LzL15MfQQ6mIMPtn+jBHaV2raWOBJYw6o8OfeQ+f3OsyTH8JwlbsiVvuxJacrUiw1DjtuGEGMfQj/viIN9g==",
      "dev": true
    },
    "@types/knockout.mapping": {
      "version": "2.0.36",
      "resolved": "https://registry.npmjs.org/@types/knockout.mapping/-/knockout.mapping-2.0.36.tgz",
      "integrity": "sha512-NoXAYFtFhVeNv1kmd1XL16MGAEqReBHMifL7AE8yDRWaccznrclUpdxVaw5N3axk2+rlpTOwTZunlO31iJe5vw==",
      "dev": true,
      "requires": {
        "@types/knockout": "*"
      }
    },
    "@types/qunit": {
      "version": "1.16.32",
      "resolved": "https://registry.npmjs.org/@types/qunit/-/qunit-1.16.32.tgz",
      "integrity": "sha512-w700HJTrMGAOcY3UBY5i/ddw1LmaqHwHLOekFQZRZEBkIMbmWD2aoYkDvztdOTTMs0Gowkot9rPFYAkskvUUOg==",
      "dev": true
    },
    "@types/sizzle": {
      "version": "2.3.3",
      "resolved": "https://registry.npmjs.org/@types/sizzle/-/sizzle-2.3.3.tgz",
      "integrity": "sha512-JYM8x9EGF163bEyhdJBpR2QX1R5naCJHC8ucJylJ3w9/CVBaskdQ8WqBf8MmQrd1kRvp/a4TS8HJ+bxzR7ZJYQ==",
      "dev": true
    },
    "@types/toastr": {
      "version": "2.1.39",
      "resolved": "https://registry.npmjs.org/@types/toastr/-/toastr-2.1.39.tgz",
      "integrity": "sha512-jgbMLTjj7dsSY/EYYOoZXhK6OY/bR909Bn6YNnwL3Oq+f0AeFKbYa198XU/6bsmUqqCCWw5VvCi11FDN1/fetw==",
      "dev": true,
      "requires": {
        "@types/jquery": "*"
      }
    }
  }
}
