# THIS IS AN AUTOGENERATED FILE. DO NOT EDIT THIS FILE DIRECTLY.
# yarn lockfile v1


"@types/jquery@*", "@types/jquery@^3.3.1":
  version "3.3.1"
  resolved "https://registry.yarnpkg.com/@types/jquery/-/jquery-3.3.1.tgz#55758d44d422756d6329cbf54e6d41931d7ba28f"

"@types/knockout.mapping@^2.0.33":
  version "2.0.33"
  resolved "https://registry.yarnpkg.com/@types/knockout.mapping/-/knockout.mapping-2.0.33.tgz#62738320f6a3ecb7674320438338e84338098588"
  dependencies:
    "@types/knockout" "*"

"@types/knockout@*", "@types/knockout@^3.4.53":
  version "3.4.53"
  resolved "https://registry.yarnpkg.com/@types/knockout/-/knockout-3.4.53.tgz#3c25b1d74f3c2b13557d0ecba4a38ad0c5ae7429"

"@types/qunit@^1.16.31":
  version "1.16.31"
  resolved "https://registry.yarnpkg.com/@types/qunit/-/qunit-1.16.31.tgz#169ba79df56f25f40556c39c544e018bb6390792"

"@types/toastr@^2.1.35":
  version "2.1.35"
  resolved "https://registry.yarnpkg.com/@types/toastr/-/toastr-2.1.35.tgz#9b29ee786744994c4f7eafee415b125f835dd854"
  dependencies:
    "@types/jquery" "*"
